
Microsoft Visual Studio Solution File, Format Version 12.00
Project("{FAE04EC0-301F-11D3-BF4B-00C04F79EFBC}") = "ListPublicTypes", "ListPublicTypes\ListPublicTypes.csproj", "{3525115F-49BD-4895-B829-F152027E38A5}"
EndProject
Project("{FAE04EC0-301F-11D3-BF4B-00C04F79EFBC}") = "ListPublicSubscriptionApis", "ListPublicSubscriptionApis\ListPublicSubscriptionApis.csproj", "{250082FC-933F-4D20-B8D1-F493EBBDA382}"
EndProject
Global
	GlobalSection(SolutionConfigurationPlatforms) = preSolution
		Debug|Any CPU = Debug|Any CPU
		Release|Any CPU = Release|Any CPU
	EndGlobalSection
	GlobalSection(ProjectConfigurationPlatforms) = postSolution
		{3525115F-49BD-4895-B829-F152027E38A5}.Debug|Any CPU.ActiveCfg = Debug|Any CPU
		{3525115F-49BD-4895-B829-F152027E38A5}.Debug|Any CPU.Build.0 = Debug|Any CPU
		{3525115F-49BD-4895-B829-F152027E38A5}.Release|Any CPU.ActiveCfg = Release|Any CPU
		{3525115F-49BD-4895-B829-F152027E38A5}.Release|Any CPU.Build.0 = Release|Any CPU
		{250082FC-933F-4D20-B8D1-F493EBBDA382}.Debug|Any CPU.ActiveCfg = Debug|Any CPU
		{250082FC-933F-4D20-B8D1-F493EBBDA382}.Debug|Any CPU.Build.0 = Debug|Any CPU
		{250082FC-933F-4D20-B8D1-F493EBBDA382}.Release|Any CPU.ActiveCfg = Release|Any CPU
		{250082FC-933F-4D20-B8D1-F493EBBDA382}.Release|Any CPU.Build.0 = Release|Any CPU
	EndGlobalSection
EndGlobal
